
Microsoft Visual Studio Solution File, Format Version 12.00
# Visual Studio Version 16
VisualStudioVersion = 16.0.30907.101
MinimumVisualStudioVersion = 10.0.40219.1
Project("{FAE04EC0-301F-11D3-BF4B-00C04F79EFBC}") = "systemeTelethon", "systemeTelethon.csproj", "{7B1AF5BB-9D93-42D0-A88D-B4D111B3FBFE}"
EndProject
Project("{FAE04EC0-301F-11D3-BF4B-00C04F79EFBC}") = "BiblioTelethon", "BiblioTelethon\BiblioTelethon.csproj", "{0442E180-F598-4C62-BDC2-A2D6D135EA5B}"
EndProject
Global
	GlobalSection(SolutionConfigurationPlatforms) = preSolution
		Debug|Any CPU = Debug|Any CPU
		Release|Any CPU = Release|Any CPU
	EndGlobalSection
	GlobalSection(ProjectConfigurationPlatforms) = postSolution
		{7B1AF5BB-9D93-42D0-A88D-B4D111B3FBFE}.Debug|Any CPU.ActiveCfg = Debug|Any CPU
		{7B1AF5BB-9D93-42D0-A88D-B4D111B3FBFE}.Debug|Any CPU.Build.0 = Debug|Any CPU
		{7B1AF5BB-9D93-42D0-A88D-B4D111B3FBFE}.Release|Any CPU.ActiveCfg = Release|Any CPU
		{7B1AF5BB-9D93-42D0-A88D-B4D111B3FBFE}.Release|Any CPU.Build.0 = Release|Any CPU
		{0442E180-F598-4C62-BDC2-A2D6D135EA5B}.Debug|Any CPU.ActiveCfg = Debug|Any CPU
		{0442E180-F598-4C62-BDC2-A2D6D135EA5B}.Debug|Any CPU.Build.0 = Debug|Any CPU
		{0442E180-F598-4C62-BDC2-A2D6D135EA5B}.Release|Any CPU.ActiveCfg = Release|Any CPU
		{0442E180-F598-4C62-BDC2-A2D6D135EA5B}.Release|Any CPU.Build.0 = Release|Any CPU
	EndGlobalSection
	GlobalSection(SolutionProperties) = preSolution
		HideSolutionNode = FALSE
	EndGlobalSection
	GlobalSection(ExtensibilityGlobals) = postSolution
		SolutionGuid = {BC461135-4F68-4A86-BF41-5D9750523BE5}
	EndGlobalSection
EndGlobal
